
Microsoft Visual Studio Solution File, Format Version 11.00
# Visual Studio 2010
Project("{888888A0-9F3D-457C-B088-3A5042F75D52}") = "youtube", "youtube.pyproj", "{CC2C556A-8A7C-49E3-BFC7-D0BCDB088FA2}"
EndProject
Global
	GlobalSection(SolutionConfigurationPlatforms) = preSolution
		Debug|Any CPU = Debug|Any CPU
		Release|Any CPU = Release|Any CPU
	EndGlobalSection
	GlobalSection(ProjectConfigurationPlatforms) = postSolution
		{CC2C556A-8A7C-49E3-BFC7-D0BCDB088FA2}.Debug|Any CPU.ActiveCfg = Debug|Any CPU
		{CC2C556A-8A7C-49E3-BFC7-D0BCDB088FA2}.Release|Any CPU.ActiveCfg = Release|Any CPU
	EndGlobalSection
	GlobalSection(SolutionProperties) = preSolution
		HideSolutionNode = FALSE
	EndGlobalSection
EndGlobal
